github.com/nj-jay/uc v0.0.3 h1:ySWkBhmOSK1F/tM+xpC2xldvn5MY0aRDBn18pkewAm4=
github.com/nj-jay/uc v0.0.3/go.mod h1:yZRiSHs0bcX1m+jeELzduqhSsXFIqehcAPl5ya+Ssl4=
github.com/nj-jay/uc v0.0.4 h1:09dyZ6samW2vbIdg/Qx1oyBfZdROIKMBuuhzM/WWNrM=
github.com/nj-jay/uc v0.0.4/go.mod h1:yZRiSHs0bcX1m+jeELzduqhSsXFIqehcAPl5ya+Ssl4=
github.com/nj-jay/uc v0.0.5 h1:GdnLk1w8yB2GFCOn0mFNKGHOA2SRBAoaqBO8Sremmvk=
github.com/nj-jay/uc v0.0.5/go.mod h1:yZRiSHs0bcX1m+jeELzduqhSsXFIqehcAPl5ya+Ssl4=
